
Microsoft Visual Studio Solution File, Format Version 12.00
# Visual Studio Version 17
VisualStudioVersion = 17.2.32630.192
MinimumVisualStudioVersion = 10.0.40219.1
Project("{FAE04EC0-301F-11D3-BF4B-00C04F79EFBC}") = "fib", "fib\fib.csproj", "{91CA12D5-8E92-470F-9A9E-FBAF9132A3B8}"
EndProject
Global
	GlobalSection(SolutionConfigurationPlatforms) = preSolution
		Debug|Any CPU = Debug|Any CPU
		Release|Any CPU = Release|Any CPU
	EndGlobalSection
	GlobalSection(ProjectConfigurationPlatforms) = postSolution
		{91CA12D5-8E92-470F-9A9E-FBAF9132A3B8}.Debug|Any CPU.ActiveCfg = Debug|Any CPU
		{91CA12D5-8E92-470F-9A9E-FBAF9132A3B8}.Debug|Any CPU.Build.0 = Debug|Any CPU
		{91CA12D5-8E92-470F-9A9E-FBAF9132A3B8}.Release|Any CPU.ActiveCfg = Release|Any CPU
		{91CA12D5-8E92-470F-9A9E-FBAF9132A3B8}.Release|Any CPU.Build.0 = Release|Any CPU
	EndGlobalSection
	GlobalSection(SolutionProperties) = preSolution
		HideSolutionNode = FALSE
	EndGlobalSection
	GlobalSection(ExtensibilityGlobals) = postSolution
		SolutionGuid = {E90908E7-7776-42DC-8106-BCEBFD105C8F}
	EndGlobalSection
EndGlobal
